
Microsoft Visual Studio Solution File, Format Version 12.00
# Visual Studio Version 17
VisualStudioVersion = 17.5.33530.505
MinimumVisualStudioVersion = 10.0.40219.1
Project("{FAE04EC0-301F-11D3-BF4B-00C04F79EFBC}") = "Kırtasiye Otomasyonu v1.0", "Kırtasiye Otomasyonu v1.0\Kırtasiye Otomasyonu v1.0.csproj", "{A9C19E40-35BA-4C00-B320-BE8FE1D48294}"
EndProject
Global
	GlobalSection(SolutionConfigurationPlatforms) = preSolution
		Debug|Any CPU = Debug|Any CPU
		Release|Any CPU = Release|Any CPU
	EndGlobalSection
	GlobalSection(ProjectConfigurationPlatforms) = postSolution
		{A9C19E40-35BA-4C00-B320-BE8FE1D48294}.Debug|Any CPU.ActiveCfg = Debug|Any CPU
		{A9C19E40-35BA-4C00-B320-BE8FE1D48294}.Debug|Any CPU.Build.0 = Debug|Any CPU
		{A9C19E40-35BA-4C00-B320-BE8FE1D48294}.Release|Any CPU.ActiveCfg = Release|Any CPU
		{A9C19E40-35BA-4C00-B320-BE8FE1D48294}.Release|Any CPU.Build.0 = Release|Any CPU
	EndGlobalSection
	GlobalSection(SolutionProperties) = preSolution
		HideSolutionNode = FALSE
	EndGlobalSection
	GlobalSection(ExtensibilityGlobals) = postSolution
		SolutionGuid = {7CDF4F43-6D23-4081-BFBB-E79F87A6EFF6}
	EndGlobalSection
EndGlobal
